PATH
  remote: .
  specs:
    aws_codedeploy_agent (1.8.1)
      aws-sdk-core (= 3.246.0)
      aws-sdk-s3 (= 1.220.0)
      concurrent-ruby (= 1.1.10)
      docopt (= 0.5.0)
      gli (= 2.22.2)
      json_pure (= 2.8.1)
      logging (= 2.4.0)
      minitar (= 0.12.1)
      rexml (= 3.3.9)
      rubyzip (= 2.4.1)

PATH
  remote: vendor/gems/codedeploy-commands-1.0.0
  specs:
    codedeploy-commands (1.0.0)

PATH
  remote: vendor/gems/process_manager-0.0.13
  specs:
    process_manager (0.0.13)

PATH
  remote: vendor/gems/simple_pid-0.2.1
  specs:
    simple_pid (0.2.1)

GEM
  remote: http://rubygems.org/
  specs:
    activesupport (7.1.6)
      base64
      benchmark (>= 0.3)
      bigdecimal
      concurrent-ruby (~> 1.0, >= 1.0.2)
      connection_pool (>= 2.2.5)
      drb
      i18n (>= 1.6, < 2)
      logger (>= 1.4.2)
      minitest (>= 5.1)
      mutex_m
      securerandom (>= 0.3)
      tzinfo (~> 2.0)
    addressable (2.9.0)
      public_suffix (>= 2.0.2, < 8.0)
    aws-eventstream (1.4.0)
    aws-partitions (1.1259.0)
    aws-sdk-codedeploy (1.97.0)
      aws-sdk-core (~> 3, >= 3.244.0)
      aws-sigv4 (~> 1.5)
    aws-sdk-core (3.246.0)
      aws-eventstream (~> 1, >= 1.3.0)
      aws-partitions (~> 1, >= 1.992.0)
      aws-sigv4 (~> 1.9)
      base64
      bigdecimal
      jmespath (~> 1, >= 1.6.1)
      logger
    aws-sdk-iam (1.143.0)
      aws-sdk-core (~> 3, >= 3.244.0)
      aws-sigv4 (~> 1.5)
    aws-sdk-kms (1.124.0)
      aws-sdk-core (~> 3, >= 3.244.0)
      aws-sigv4 (~> 1.5)
    aws-sdk-s3 (1.220.0)
      aws-sdk-core (~> 3, >= 3.244.0)
      aws-sdk-kms (~> 1)
      aws-sigv4 (~> 1.5)
    aws-sigv4 (1.12.1)
      aws-eventstream (~> 1, >= 1.0.2)
    base64 (0.3.0)
    benchmark (0.5.0)
    bigdecimal (4.1.2)
    builder (3.3.0)
    concurrent-ruby (1.1.10)
    connection_pool (3.0.2)
    coveralls_reborn (0.29.0)
      simplecov (~> 0.22.0)
      term-ansicolor (~> 1.7)
      thor (~> 1.2)
      tins (~> 1.32)
    crack (1.0.1)
      bigdecimal
      rexml
    cucumber (11.1.0)
      base64 (~> 0.2)
      builder (~> 3.2)
      cucumber-ci-environment (> 9, < 12)
      cucumber-core (>= 16.2.0, < 17)
      cucumber-cucumber-expressions (> 17, < 20)
      cucumber-html-formatter (> 21, < 24)
      diff-lcs (~> 1.5)
      logger (~> 1.6)
      mini_mime (~> 1.1)
      multi_test (~> 1.1)
      sys-uname (~> 1.5)
    cucumber-ci-environment (11.0.0)
    cucumber-core (16.2.0)
      cucumber-gherkin (> 36, < 40)
      cucumber-messages (> 31, < 33)
      cucumber-tag-expressions (> 6, < 9)
    cucumber-cucumber-expressions (19.0.1)
      bigdecimal
    cucumber-gherkin (39.1.0)
      cucumber-messages (>= 31, < 33)
    cucumber-html-formatter (23.1.0)
      cucumber-messages (> 23, < 33)
    cucumber-messages (32.3.1)
    cucumber-tag-expressions (8.1.0)
    diff-lcs (1.6.2)
    docile (1.4.1)
    docopt (0.5.0)
    drb (2.2.3)
    fakefs (3.2.1)
    ffi (1.17.4)
    ffi (1.17.4-aarch64-linux-gnu)
    ffi (1.17.4-aarch64-linux-musl)
    ffi (1.17.4-arm-linux-gnu)
    ffi (1.17.4-arm-linux-musl)
    ffi (1.17.4-arm64-darwin)
    ffi (1.17.4-x86-linux-gnu)
    ffi (1.17.4-x86-linux-musl)
    ffi (1.17.4-x86_64-darwin)
    ffi (1.17.4-x86_64-linux-gnu)
    ffi (1.17.4-x86_64-linux-musl)
    gli (2.22.2)
      ostruct
    hashdiff (1.2.1)
    i18n (1.14.8)
      concurrent-ruby (~> 1.0)
    io-console (0.8.2)
    jmespath (1.6.2)
    json_pure (2.8.1)
    little-plugger (1.1.4)
    logger (1.7.0)
    logging (2.4.0)
      little-plugger (~> 1.1)
      multi_json (~> 1.14)
    memoist3 (1.0.0)
    metaclass (0.0.4)
    mini_mime (1.1.5)
    minitar (0.12.1)
    minitest (6.0.6)
      drb (~> 2.0)
      prism (~> 1.5)
    mize (0.6.1)
    mocha (0.13.3)
      metaclass (~> 0.0.1)
    multi_json (1.21.1)
    multi_test (1.1.0)
    mutex_m (0.3.0)
    ostruct (0.6.3)
    power_assert (3.0.1)
    prism (1.9.0)
    public_suffix (7.0.5)
    rake (13.4.2)
    readline (0.0.4)
      reline
    reline (0.6.3)
      io-console (~> 0.5)
    rexml (3.3.9)
    rspec (3.13.2)
      rspec-core (~> 3.13.0)
      rspec-expectations (~> 3.13.0)
      rspec-mocks (~> 3.13.0)
    rspec-core (3.13.6)
      rspec-support (~> 3.13.0)
    rspec-expectations (3.13.5)
      diff-lcs (>= 1.2.0, < 2.0)
      rspec-support (~> 3.13.0)
    rspec-mocks (3.13.8)
      diff-lcs (>= 1.2.0, < 2.0)
      rspec-support (~> 3.13.0)
    rspec-support (3.13.7)
    rubyzip (2.4.1)
    securerandom (0.4.1)
    shoulda (2.11.3)
    shoulda-context (2.0.0)
    shoulda-matchers (7.0.1)
      activesupport (>= 7.1)
    simplecov (0.22.0)
      docile (~> 1.1)
      simplecov-html (~> 0.11)
      simplecov_json_formatter (~> 0.1)
    simplecov-html (0.13.2)
    simplecov-lcov (0.9.0)
    simplecov_json_formatter (0.1.4)
    sync (0.5.0)
    sys-uname (1.5.1)
      ffi (~> 1.1)
      memoist3 (~> 1.0.0)
    term-ansicolor (1.11.3)
      tins (~> 1)
    test-unit (3.7.8)
      power_assert
    thor (1.5.0)
    tins (1.54.0)
      bigdecimal
      mize (~> 0.6)
      readline
      sync
    tzinfo (2.0.6)
      concurrent-ruby (~> 1.0)
    webmock (3.26.2)
      addressable (>= 2.8.0)
      crack (>= 0.3.2)
      hashdiff (>= 0.4.0, < 2.0.0)

PLATFORMS
  aarch64-linux-gnu
  aarch64-linux-musl
  arm-linux-gnu
  arm-linux-musl
  arm64-darwin
  ruby
  x86-linux-gnu
  x86-linux-musl
  x86_64-darwin
  x86_64-linux-gnu
  x86_64-linux-musl

DEPENDENCIES
  activesupport
  aws-sdk-codedeploy
  aws-sdk-iam
  aws_codedeploy_agent!
  codedeploy-commands (= 1.0.0)!
  coveralls_reborn
  cucumber
  fakefs
  mocha (= 0.13.3)
  process_manager (= 0.0.13)!
  rake (= 13.4.2)
  rspec (>= 0, = 3.13.2)
  shoulda
  shoulda-context
  shoulda-matchers
  simple_pid (= 0.2.1)!
  simplecov
  simplecov-lcov
  test-unit
  webmock

CHECKSUMS
  activesupport (7.1.6) sha256=7f12140a813b1c4922a322663e547129aef1840fc512fa262378f6d7e7fd3a7c
  addressable (2.9.0) sha256=7fdf6ac3660f7f4e867a0838be3f6cf722ace541dd97767fa42bc6cfa980c7af
  aws-eventstream (1.4.0) sha256=116bf85c436200d1060811e6f5d2d40c88f65448f2125bc77ffce5121e6e183b
  aws-partitions (1.1259.0) sha256=1a61c53f85cee1e69e4ab7946c7350b2237d724acf589023715e7117c03c18c6
  aws-sdk-codedeploy (1.97.0) sha256=39f3b2ae87b740e50cf50c7f9296089bbdf3c845f08dc7000fa02d4be38247b2
  aws-sdk-core (3.246.0) sha256=393864ec8948560e69fcccc2e4d256b40c7028eb98930608dd295279e3c4ddcc
  aws-sdk-iam (1.143.0) sha256=6533b362ecd79034ee836ed6b5cfdf2117c2f58b6d1f8c95b7e791c655f99092
  aws-sdk-kms (1.124.0) sha256=40d00ab706d7e49fd620270bd0dcb546f266295abdd49b54fec2611e2a41f37c
  aws-sdk-s3 (1.220.0) sha256=237fda5e6ac7ecdd9c848e27187bfdc370edad5c5a141aeec389fb450fa28c7c
  aws-sigv4 (1.12.1) sha256=6973ff95cb0fd0dc58ba26e90e9510a2219525d07620c8babeb70ef831826c00
  aws_codedeploy_agent (1.8.1)
  base64 (0.3.0) sha256=27337aeabad6ffae05c265c450490628ef3ebd4b67be58257393227588f5a97b
  benchmark (0.5.0) sha256=465df122341aedcb81a2a24b4d3bd19b6c67c1530713fd533f3ff034e419236c
  bigdecimal (4.1.2) sha256=53d217666027eab4280346fba98e7d5b66baaae1b9c3c1c0ffe89d48188a3fbd
  builder (3.3.0) sha256=497918d2f9dca528fdca4b88d84e4ef4387256d984b8154e9d5d3fe5a9c8835f
  codedeploy-commands (1.0.0)
  concurrent-ruby (1.1.10) sha256=244cb1ca0d91ec2c15ca2209507c39fb163336994428e16fbd3f465c87bd8e68
  connection_pool (3.0.2) sha256=33fff5ba71a12d2aa26cb72b1db8bba2a1a01823559fb01d29eb74c286e62e0a
  coveralls_reborn (0.29.0) sha256=dca1149ca8f527561a9c0e0cbddebd13e292ef362629c9d56ab02c73a9a35be1
  crack (1.0.1) sha256=ff4a10390cd31d66440b7524eb1841874db86201d5b70032028553130b6d4c7e
  cucumber (11.1.0) sha256=c939fd0fdbc3ce4037b8fd250a8a05f154ddcc39a81be2ccc5453e587a4dfe4a
  cucumber-ci-environment (11.0.0) sha256=0df79a9e1d0b015b3d9def680f989200d96fef206f4d19ccf86a338c4f71d1e2
  cucumber-core (16.2.0) sha256=592b58a95cf42feef8e5a349f68e363784ba3b6568ffbcf6776e38e136cf970b
  cucumber-cucumber-expressions (19.0.1) sha256=648ec09045190d818fb797af46e1648148599fd67a086a34a7f0e647d9e36c8c
  cucumber-gherkin (39.1.0) sha256=aed12a0c955d8563d80a012633c1a72075525f4d64d4cc983001df2181b379ed
  cucumber-html-formatter (23.1.0) sha256=7789b4a792c876394b9604aeb66aa5cf4c61514473b7e712c76d5eaedcdd8cdf
  cucumber-messages (32.3.1) sha256=ddc88e4c1cf7afb96c06005b92a4a6f221a2fa435a8b4ca04677d215fd82771c
  cucumber-tag-expressions (8.1.0) sha256=9bd8c4b6654f8e5bf2a9c99329b6f32136a75e50cd39d4cfb3927d0fa9f52e21
  diff-lcs (1.6.2) sha256=9ae0d2cba7d4df3075fe8cd8602a8604993efc0dfa934cff568969efb1909962
  docile (1.4.1) sha256=96159be799bfa73cdb721b840e9802126e4e03dfc26863db73647204c727f21e
  docopt (0.5.0) sha256=d7e793dc81e68902aae1ed6120550460b12e1fa911da131b4fd482b40e9b084b
  drb (2.2.3) sha256=0b00d6fdb50995fe4a45dea13663493c841112e4068656854646f418fda13373
  fakefs (3.2.1) sha256=ea4cdd9dc891136cf232a7f586defaeb664e7947b0ddde213bf455dc42a4fdea
  ffi (1.17.4) sha256=bcd1642e06f0d16fc9e09ac6d49c3a7298b9789bcb58127302f934e437d60acf
  ffi (1.17.4-aarch64-linux-gnu) sha256=b208f06f91ffd8f5e1193da3cae3d2ccfc27fc36fba577baf698d26d91c080df
  ffi (1.17.4-aarch64-linux-musl) sha256=9286b7a615f2676245283aef0a0a3b475ae3aae2bb5448baace630bb77b91f39
  ffi (1.17.4-arm-linux-gnu) sha256=d6dbddf7cb77bf955411af5f187a65b8cd378cb003c15c05697f5feee1cb1564
  ffi (1.17.4-arm-linux-musl) sha256=9d4838ded0465bef6e2426935f6bcc93134b6616785a84ffd2a3d82bc3cf6f95
  ffi (1.17.4-arm64-darwin) sha256=19071aaf1419251b0a46852abf960e77330a3b334d13a4ab51d58b31a937001b
  ffi (1.17.4-x86-linux-gnu) sha256=38e150df5f4ca555e25beca4090823ae09657bceded154e3c52f8631c1ed72cf
  ffi (1.17.4-x86-linux-musl) sha256=fbeec0fc7c795bcf86f623bb18d31ea1820f7bd580e1703a3d3740d527437809
  ffi (1.17.4-x86_64-darwin) sha256=aa70390523cf3235096cf64962b709b4cfbd5c082a2cb2ae714eb0fe2ccda496
  ffi (1.17.4-x86_64-linux-gnu) sha256=9d3db14c2eae074b382fa9c083fe95aec6e0a1451da249eab096c34002bc752d
  ffi (1.17.4-x86_64-linux-musl) sha256=3fdf9888483de005f8ef8d1cf2d3b20d86626af206cbf780f6a6a12439a9c49e
  gli (2.22.2) sha256=580e8d6c88b0f0f0cb8e8b2ca18c3485ed0f742cece855de46bf8e36202f5db0
  hashdiff (1.2.1) sha256=9c079dbc513dfc8833ab59c0c2d8f230fa28499cc5efb4b8dd276cf931457cd1
  i18n (1.14.8) sha256=285778639134865c5e0f6269e0b818256017e8cde89993fdfcbfb64d088824a5
  io-console (0.8.2) sha256=d6e3ae7a7cc7574f4b8893b4fca2162e57a825b223a177b7afa236c5ef9814cc
  jmespath (1.6.2) sha256=238d774a58723d6c090494c8879b5e9918c19485f7e840f2c1c7532cf84ebcb1
  json_pure (2.8.1) sha256=6a877929ba9d4fa0808ccc38656d1b15d138b2aa0aa32037ee05abea13427ace
  little-plugger (1.1.4) sha256=d5f347c00d9d648040ef7c17d6eb09d3d0719adf19ca30d1a3b6fb26d0a631bb
  logger (1.7.0) sha256=196edec7cc44b66cfb40f9755ce11b392f21f7967696af15d274dde7edff0203
  logging (2.4.0) sha256=ba8893a3c211b836f4131bb93b3eb3137a0c3b1fcd0ec3d570e324d8bdc00ccb
  memoist3 (1.0.0) sha256=686e42402cf150a362050c23143dc57b0ef88f8c344943ff8b7845792b50d56f
  metaclass (0.0.4) sha256=8569685c902108b1845be4e5794d646f2a8adcb0280d7651b600dab0844fe942
  mini_mime (1.1.5) sha256=8681b7e2e4215f2a159f9400b5816d85e9d8c6c6b491e96a12797e798f8bccef
  minitar (0.12.1) sha256=3a1dbbae8c4c8e67ab8e3951ba36cb93b844c225b29f83e3b90f48226f3d6038
  minitest (6.0.6) sha256=153ea36d1d987a62942382b61075745042a2b3123b1cd48f4c3675af9cc7d6f1
  mize (0.6.1) sha256=4031558979ff5426fda24c75a149b4e4c0faf4cacf2fae8938f83866ab94b780
  mocha (0.13.3) sha256=4f979512dd32f2e0881c143132160dea433a392287df40d12576bbbb0af6646a
  multi_json (1.21.1) sha256=e6126a31808e3b4d19f483c775ceac34df190dffa62adfb63a165ee14ba68080
  multi_test (1.1.0) sha256=e9e550cdd863fb72becfe344aefdcd4cbd26ebf307847f4a6c039a4082324d10
  mutex_m (0.3.0) sha256=cfcb04ac16b69c4813777022fdceda24e9f798e48092a2b817eb4c0a782b0751
  ostruct (0.6.3) sha256=95a2ed4a4bd1d190784e666b47b2d3f078e4a9efda2fccf18f84ddc6538ed912
  power_assert (3.0.1) sha256=8ce9876716cc74e863fcd4cdcdc52d792bd983598d1af3447083a3a9a4d34103
  prism (1.9.0) sha256=7b530c6a9f92c24300014919c9dcbc055bf4cdf51ec30aed099b06cd6674ef85
  process_manager (0.0.13)
  public_suffix (7.0.5) sha256=1a8bb08f1bbea19228d3bed6e5ed908d1cb4f7c2726d18bd9cadf60bc676f623
  rake (13.4.2) sha256=cb825b2bd5f1f8e91ca37bddb4b9aaf345551b4731da62949be002fa89283701
  readline (0.0.4) sha256=6138eef17be2b98298b672c3ea63bf9cb5158d401324f26e1e84f235879c1d6a
  reline (0.6.3) sha256=1198b04973565b36ec0f11542ab3f5cfeeec34823f4e54cebde90968092b1835
  rexml (3.3.9) sha256=d71875b85299f341edf47d44df0212e7658cbdf35aeb69cefdb63f57af3137c9
  rspec (3.13.2) sha256=206284a08ad798e61f86d7ca3e376718d52c0bc944626b2349266f239f820587
  rspec-core (3.13.6) sha256=a8823c6411667b60a8bca135364351dda34cd55e44ff94c4be4633b37d828b2d
  rspec-expectations (3.13.5) sha256=33a4d3a1d95060aea4c94e9f237030a8f9eae5615e9bd85718fe3a09e4b58836
  rspec-mocks (3.13.8) sha256=086ad3d3d17533f4237643de0b5c42f04b66348c28bf6b9c2d3f4a3b01af1d47
  rspec-support (3.13.7) sha256=0640e5570872aafefd79867901deeeeb40b0c9875a36b983d85f54fb7381c47c
  rubyzip (2.4.1) sha256=8577c88edc1fde8935eb91064c5cb1aef9ad5494b940cf19c775ee833e075615
  securerandom (0.4.1) sha256=cc5193d414a4341b6e225f0cb4446aceca8e50d5e1888743fac16987638ea0b1
  shoulda (2.11.3) sha256=73fc7ec463b35c0e69d4df408cbcc4f109e5575f05f1cca71a633662d87d5387
  shoulda-context (2.0.0) sha256=7adf45342cd800f507d2a053658cb1cce2884b616b26004d39684b912ea32c34
  shoulda-matchers (7.0.1) sha256=b4bfd8744c10e0a36c8ac1a687f921ee7e25ed529e50488d61b79a8688749c77
  simple_pid (0.2.1)
  simplecov (0.22.0) sha256=fe2622c7834ff23b98066bb0a854284b2729a569ac659f82621fc22ef36213a5
  simplecov-html (0.13.2) sha256=bd0b8e54e7c2d7685927e8d6286466359b6f16b18cb0df47b508e8d73c777246
  simplecov-lcov (0.9.0) sha256=7a77a31e200a595ed4b0249493056efd0c920601f53d2ef135ca34ee796346cd
  simplecov_json_formatter (0.1.4) sha256=529418fbe8de1713ac2b2d612aa3daa56d316975d307244399fa4838c601b428
  sync (0.5.0) sha256=668356cc07c59ac7ed9ecf34fec3929831f179c07adb1f3e1c3b7a1609a638fd
  sys-uname (1.5.1) sha256=784d7e6491b0393c25cbbe5ac38324ac7be9fda083a6094832648af669386d7b
  term-ansicolor (1.11.3) sha256=8c01ec3abd095eb94dca8aed5a127d36e594239eb525eb306259c9e930534603
  test-unit (3.7.8) sha256=689d1ca53f4d46f678b4e5d68d8e4294f87fc5e8b9238cc4de7c5727e8d65943
  thor (1.5.0) sha256=e3a9e55fe857e44859ce104a84675ab6e8cd59c650a49106a05f55f136425e73
  tins (1.54.0) sha256=62e14ff2f8ace5eb52828f7262987a434f8411de3aac2aa27ef4680446557af9
  tzinfo (2.0.6) sha256=8daf828cc77bcf7d63b0e3bdb6caa47e2272dcfaf4fbfe46f8c3a9df087a829b
  webmock (3.26.2) sha256=774556f2ea6371846cca68c01769b2eac0d134492d21f6d0ab5dd643965a4c90

BUNDLED WITH
  4.0.9
